
Microsoft Visual Studio Solution File, Format Version 12.00
# Visual Studio Version 17
VisualStudioVersion = 17.11.35208.52
MinimumVisualStudioVersion = 10.0.40219.1
Project("{FAE04EC0-301F-11D3-BF4B-00C04F79EFBC}") = "RevDesconto", "RevDesconto.csproj", "{762AAFD6-E85B-412C-B9FD-2623C58380BC}"
EndProject
Global
	GlobalSection(SolutionConfigurationPlatforms) = preSolution
		Debug|Any CPU = Debug|Any CPU
		Release|Any CPU = Release|Any CPU
	EndGlobalSection
	GlobalSection(ProjectConfigurationPlatforms) = postSolution
		{762AAFD6-E85B-412C-B9FD-2623C58380BC}.Debug|Any CPU.ActiveCfg = Debug|Any CPU
		{762AAFD6-E85B-412C-B9FD-2623C58380BC}.Debug|Any CPU.Build.0 = Debug|Any CPU
		{762AAFD6-E85B-412C-B9FD-2623C58380BC}.Release|Any CPU.ActiveCfg = Release|Any CPU
		{762AAFD6-E85B-412C-B9FD-2623C58380BC}.Release|Any CPU.Build.0 = Release|Any CPU
	EndGlobalSection
	GlobalSection(SolutionProperties) = preSolution
		HideSolutionNode = FALSE
	EndGlobalSection
	GlobalSection(ExtensibilityGlobals) = postSolution
		SolutionGuid = {D0571C35-2BA9-4C22-882C-F2985A72BF1D}
	EndGlobalSection
EndGlobal
